
Microsoft Visual Studio Solution File, Format Version 12.00
# Visual Studio Version 16
VisualStudioVersion = 16.0.32510.428
MinimumVisualStudioVersion = 10.0.40219.1
Project("{9A19103F-16F7-4668-BE54-9A1E7A4F7556}") = "News", "News\News.csproj", "{29789841-F296-417C-81C8-15490F8C045E}"
EndProject
Project("{9A19103F-16F7-4668-BE54-9A1E7A4F7556}") = "EV.Common", "EV.Common\EV.Common.csproj", "{AAF8FC54-603A-4C9C-8228-EC3378BFC603}"
EndProject
Global
	GlobalSection(SolutionConfigurationPlatforms) = preSolution
		Debug|Any CPU = Debug|Any CPU
		Release|Any CPU = Release|Any CPU
	EndGlobalSection
	GlobalSection(ProjectConfigurationPlatforms) = postSolution
		{29789841-F296-417C-81C8-15490F8C045E}.Debug|Any CPU.ActiveCfg = Debug|Any CPU
		{29789841-F296-417C-81C8-15490F8C045E}.Debug|Any CPU.Build.0 = Debug|Any CPU
		{29789841-F296-417C-81C8-15490F8C045E}.Release|Any CPU.ActiveCfg = Release|Any CPU
		{29789841-F296-417C-81C8-15490F8C045E}.Release|Any CPU.Build.0 = Release|Any CPU
		{AAF8FC54-603A-4C9C-8228-EC3378BFC603}.Debug|Any CPU.ActiveCfg = Debug|Any CPU
		{AAF8FC54-603A-4C9C-8228-EC3378BFC603}.Debug|Any CPU.Build.0 = Debug|Any CPU
		{AAF8FC54-603A-4C9C-8228-EC3378BFC603}.Release|Any CPU.ActiveCfg = Release|Any CPU
		{AAF8FC54-603A-4C9C-8228-EC3378BFC603}.Release|Any CPU.Build.0 = Release|Any CPU
	EndGlobalSection
	GlobalSection(SolutionProperties) = preSolution
		HideSolutionNode = FALSE
	EndGlobalSection
	GlobalSection(ExtensibilityGlobals) = postSolution
		SolutionGuid = {EFA225FF-9F33-4452-9BEE-81741570E344}
	EndGlobalSection
EndGlobal
